{
  "version": 4,
  "terraform_version": "0.14.3",
  "serial": 117,
  "lineage": "45c8e07d-1624-4792-4140-107621ef3283",
  "outputs": {
    "AppLoadBalancer_Public_IP": {
      "value": [
        [
          "152.67.106.195"
        ]
      ],
      "type": [
        "tuple",
        [
          [
            "list",
            "string"
          ]
        ]
      ]
    },
    "all-availability-domains-in-your-tenancy": {
      "value": [
        {
          "compartment_id": "ocid1.tenancy.oc1..aaaaaaaaf5jculpus7fwf3t7spt7xb2v5amo3xf6ps5qyaduykdxgt6vl5za",
          "id": "ocid1.availabilitydomain.oc1..aaaaaaaalhnzffyixz4hyhp7gtcdskahy22cekpcgndvwdjffrdv6d5iqi5a",
          "name": "oONk:AP-SYDNEY-1-AD-1"
        }
      ],
      "type": [
        "list",
        [
          "object",
          {
            "compartment_id": "string",
            "id": "string",
            "name": "string"
          }
        ]
      ]
    },
    "compartment-OCID": {
      "value": "ocid1.compartment.oc1..aaaaaaaa3ttzrypqr2ekxy3wsd55vtfy4xmd5yp2ngsk5q4tcjlqkjztowqa",
      "type": "string"
    },
    "compartment-name": {
      "value": "application-compartment",
      "type": "string"
    },
    "dhcp-options-OCID": {
      "value": "ocid1.dhcpoptions.oc1.ap-sydney-1.aaaaaaaa6oyrp4xrq5qpn4jq52xca3cepph5noxw6osg5dyx4h4q4hud5uoa",
      "type": "string"
    },
    "dhcp-options-name": {
      "value": "default-dhcp-options",
      "type": "string"
    },
    "id-for-for-route-table-that-includes-the-nat-gateway": {
      "value": "ocid1.routetable.oc1.ap-sydney-1.aaaaaaaalhbkzydmxlfqll2v6klhiyhj36k7rfbw3fvddiiyg34z6tqxokia",
      "type": "string"
    },
    "id-for-route-table-that-includes-the-internet-gateway": {
      "value": "ocid1.routetable.oc1.ap-sydney-1.aaaaaaaaczzs2mwlrj4ffstxwuu3j4eogfhmmgxr2g3zn33dmknewc3fybgq",
      "type": "string"
    },
    "instance-OCID": {
      "value": "ocid1.instance.oc1.ap-sydney-1.anzxsljrqlzarficb236vqycrgqvgccucx5tci7u4kt332sj5dyxuzadmwda",
      "type": "string"
    },
    "instance-OCID2": {
      "value": "ocid1.instance.oc1.ap-sydney-1.anzxsljrqlzarficeuna53ewuojt7eycx2htopc7gv33nn675wds7h6iyu3q",
      "type": "string"
    },
    "instance-OCPUs": {
      "value": 1,
      "type": "number"
    },
    "instance-memory-in-GBs": {
      "value": 8,
      "type": "number"
    },
    "instance-name": {
      "value": "bostion_host",
      "type": "string"
    },
    "instance-region": {
      "value": "ap-sydney-1",
      "type": "string"
    },
    "instance-shape": {
      "value": "VM.Standard.E2.1",
      "type": "string"
    },
    "instance-state": {
      "value": "RUNNING",
      "type": "string"
    },
    "nat-gateway-id": {
      "value": "ocid1.natgateway.oc1.ap-sydney-1.aaaaaaaayjdcewu7mamb74ueoouftuzucxztitf5w6c5a3ledvxqoyamnkqa",
      "type": "string"
    },
    "private-ip-for-application_host": {
      "value": "10.0.1.7",
      "type": "string"
    },
    "private-security-list-OCID": {
      "value": "ocid1.securitylist.oc1.ap-sydney-1.aaaaaaaaxkcaxnenqj4euyntyzztksgap4gbanr5nsofjjnsu3ki73mw2eqa",
      "type": "string"
    },
    "private-security-list-name": {
      "value": "security-list-for-private-subnet",
      "type": "string"
    },
    "private-subnet-OCID": {
      "value": "ocid1.subnet.oc1.ap-sydney-1.aaaaaaaaxhivldrxqty7gvgsbkexbk5pdaf2ywrz34jw4eeem4dsnolizs4a",
      "type": "string"
    },
    "private-subnet-name": {
      "value": "private-subnet",
      "type": "string"
    },
    "public-ip-for-compute-instance": {
      "value": "140.238.195.52",
      "type": "string"
    },
    "public-security-list-OCID": {
      "value": "ocid1.securitylist.oc1.ap-sydney-1.aaaaaaaabkmllsfaslvyqjxffdlfpmeu77orr3i6e4w4tnw2rhgsppkmw7mq",
      "type": "string"
    },
    "public-security-list-name": {
      "value": "security-list-for-public-subnet",
      "type": "string"
    },
    "public-subnet-OCID": {
      "value": "ocid1.subnet.oc1.ap-sydney-1.aaaaaaaabjuelv73ddtps24tw2umva6pxpvmrhkd2qwu7oo4otvpvrku6pva",
      "type": "string"
    },
    "public-subnet-name": {
      "value": "public-subnet",
      "type": "string"
    },
    "time-created": {
      "value": "2021-02-05 00:57:13.632 +0000 UTC",
      "type": "string"
    },
    "vcn_id": {
      "value": "ocid1.vcn.oc1.ap-sydney-1.amaaaaaaqlzarfiaeswrgbnqo2btnal66ptzzc6rc24btm4uwuxgnnvuufda",
      "type": "string"
    }
  },
  "resources": [
    {
      "mode": "data",
      "type": "oci_identity_availability_domains",
      "name": "ads",
      "provider": "provider[\"registry.terraform.io/hashicorp/oci\"]",
      "instances": [
        {
          "schema_version": 0,
          "attributes": {
            "availability_domains": [
              {
                "compartment_id": "ocid1.tenancy.oc1..aaaaaaaaf5jculpus7fwf3t7spt7xb2v5amo3xf6ps5qyaduykdxgt6vl5za",
                "id": "ocid1.availabilitydomain.oc1..aaaaaaaalhnzffyixz4hyhp7gtcdskahy22cekpcgndvwdjffrdv6d5iqi5a",
                "name": "oONk:AP-SYDNEY-1-AD-1"
              }
            ],
            "compartment_id": "ocid1.tenancy.oc1..aaaaaaaaf5jculpus7fwf3t7spt7xb2v5amo3xf6ps5qyaduykdxgt6vl5za",
            "filter": null,
            "id": "IdentityAvailabilityDomainsDataSource-4148943914"
          },
          "sensitive_attributes": []
        }
      ]
    },
    {
      "mode": "managed",
      "type": "oci_core_dhcp_options",
      "name": "dhcp-options",
      "provider": "provider[\"registry.terraform.io/hashicorp/oci\"]",
      "instances": [
        {
          "schema_version": 0,
          "attributes": {
            "compartment_id": "ocid1.compartment.oc1..aaaaaaaa3ttzrypqr2ekxy3wsd55vtfy4xmd5yp2ngsk5q4tcjlqkjztowqa",
            "defined_tags": {
              "Oracle-Tags.CreatedBy": "oracleidentitycloudservice/nabarun.sen@gmail.com",
              "Oracle-Tags.CreatedOn": "2021-02-05T00:57:07.339Z"
            },
            "display_name": "default-dhcp-options",
            "freeform_tags": {},
            "id": "ocid1.dhcpoptions.oc1.ap-sydney-1.aaaaaaaa6oyrp4xrq5qpn4jq52xca3cepph5noxw6osg5dyx4h4q4hud5uoa",
            "options": [
              {
                "custom_dns_servers": [],
                "search_domain_names": [],
                "server_type": "VcnLocalPlusInternet",
                "type": "DomainNameServer"
              }
            ],
            "state": "AVAILABLE",
            "time_created": "2021-02-05 00:57:07.371 +0000 UTC",
            "timeouts": null,
            "vcn_id": "ocid1.vcn.oc1.ap-sydney-1.amaaaaaaqlzarfiaeswrgbnqo2btnal66ptzzc6rc24btm4uwuxgnnvuufda"
          },
          "sensitive_attributes": [],
          "private": "eyJlMmJmYjczMC1lY2FhLTExZTYtOGY4OC0zNDM2M2JjN2M0YzAiOnsiY3JlYXRlIjoxMjAwMDAwMDAwMDAwLCJkZWxldGUiOjEyMDAwMDAwMDAwMDAsInVwZGF0ZSI6MTIwMDAwMDAwMDAwMH19",
          "dependencies": [
            "module.vcn.oci_core_vcn.vcn",
            "oci_identity_compartment.tf-compartment"
          ]
        }
      ]
    },
    {
      "mode": "managed",
      "type": "oci_core_instance",
      "name": "application_host",
      "provider": "provider[\"registry.terraform.io/hashicorp/oci\"]",
      "instances": [
        {
          "schema_version": 0,
          "attributes": {
            "agent_config": [
              {
                "is_management_disabled": false,
                "is_monitoring_disabled": false
              }
            ],
            "availability_config": [
              {
                "recovery_action": "RESTORE_INSTANCE"
              }
            ],
            "availability_domain": "oONk:AP-SYDNEY-1-AD-1",
            "boot_volume_id": "ocid1.bootvolume.oc1.ap-sydney-1.abzxsljrh25x5yh7pj54t4b3ec45foeqr7c3julml4xnxw7exvmbq2vgc5va",
            "compartment_id": "ocid1.compartment.oc1..aaaaaaaa3ttzrypqr2ekxy3wsd55vtfy4xmd5yp2ngsk5q4tcjlqkjztowqa",
            "create_vnic_details": [
              {
                "assign_public_ip": "false",
                "defined_tags": {
                  "Oracle-Tags.CreatedBy": "oracleidentitycloudservice/nabarun.sen@gmail.com",
                  "Oracle-Tags.CreatedOn": "2021-02-05T09:03:06.870Z"
                },
                "display_name": "application_host",
                "freeform_tags": {},
                "hostname_label": "",
                "nsg_ids": [],
                "private_ip": "10.0.1.7",
                "skip_source_dest_check": false,
                "subnet_id": "ocid1.subnet.oc1.ap-sydney-1.aaaaaaaaxhivldrxqty7gvgsbkexbk5pdaf2ywrz34jw4eeem4dsnolizs4a",
                "vlan_id": ""
              }
            ],
            "dedicated_vm_host_id": null,
            "defined_tags": {
              "Oracle-Tags.CreatedBy": "oracleidentitycloudservice/nabarun.sen@gmail.com",
              "Oracle-Tags.CreatedOn": "2021-02-05T09:03:06.870Z"
            },
            "display_name": "application_host",
            "extended_metadata": {},
            "fault_domain": "FAULT-DOMAIN-2",
            "freeform_tags": {},
            "hostname_label": "",
            "id": "ocid1.instance.oc1.ap-sydney-1.anzxsljrqlzarficeuna53ewuojt7eycx2htopc7gv33nn675wds7h6iyu3q",
            "image": "ocid1.image.oc1.ap-sydney-1.aaaaaaaauegdu6hjrepwgsahccdreys7bbcutd3ntqwqobhsigc3yl23oupq",
            "instance_options": [
              {
                "are_legacy_imds_endpoints_disabled": false
              }
            ],
            "ipxe_script": null,
            "is_pv_encryption_in_transit_enabled": null,
            "launch_mode": "PARAVIRTUALIZED",
            "launch_options": [
              {
                "boot_volume_type": "PARAVIRTUALIZED",
                "firmware": "UEFI_64",
                "is_consistent_volume_naming_enabled": true,
                "is_pv_encryption_in_transit_enabled": false,
                "network_type": "PARAVIRTUALIZED",
                "remote_data_volume_type": "PARAVIRTUALIZED"
              }
            ],
            "metadata": {
              "ssh_authorized_keys": "ssh-rsa AAAAB3NzaC1yc2EAAAADAQABAAABAQDGfrNcRNg9J9rFbPPjhX54k0J325kDVtQcSWsCDsqeJk9ukDyRwCo+F5mNJbxIu7qfR/PdHV2P16qBwV9UdM2S7aMl5sNCvIBsrx5I7sLiVRA2ohSh58XZh42rcngcNRrxC0BQf89CMhRIH7rZwyuSVnAzmEgtMnlNnM/GGFpeze8Q1azIEMyUm09wzTONvmswgIbvslA7MTMSfb4ZDq28ZPbGvoYzwPBsz/UjxkCy6b0GWqf134yC3fKbJTvXJ5MSc3xG19Wl008a1SPGX8XkJeP9mHqt5MS1XcSzdo7A/C1ntrWLNZ0OOOAAzaiD2dCC9Tj/OoQ673apeHNXylEz test-compute-key\n",
              "user_data": "IyEvYmluL2Jhc2gKIApjcCAvZXRjL21vdGQgL2V0Yy9tb3RkLmJrcApjYXQgPDwgRU9GID4gL2V0Yy9tb3RkCiAKSSBoYXZlIGJlZW4gbW9kaWZpZWQgYnkgY2xvdWQtaW5pdCBhdCAkKGRhdGUpCiAKRU9GCgpzZWQgLWkgcy9eU0VMSU5VWD0uKiQvU0VMSU5VWD1wZXJtaXNzaXZlLyAvZXRjL3NlbGludXgvY29uZmlnCnNldGVuZm9yY2UgMApzeXN0ZW1jdGwgc3RvcCBmaXJld2FsbGQKc3lzdGVtY3RsIGRpc2FibGUgZmlyZXdhbGxkCgp5dW0gY2hlY2stdXBkYXRlCiN5dW0gaW5zdGFsbCAteSB5dW0tdXRpbHMgZGV2aWNlLW1hcHBlci1wZXJzaXN0ZW50LWRhdGEgbHZtMgp5dW0tY29uZmlnLW1hbmFnZXIgLS1hZGQtcmVwbyBodHRwczovL2Rvd25sb2FkLmRvY2tlci5jb20vbGludXgvY2VudG9zL2RvY2tlci1jZS5yZXBvCnl1bSAteSBpbnN0YWxsIGRvY2tlciAKc3lzdGVtY3RsIHN0YXJ0IGRvY2tlcgpzeXN0ZW1jdGwgZW5hYmxlIGRvY2tlcgoKc3lzdGVtY3RsIHN0YXR1cyBkb2NrZXIKCnl1bSAteSBpbnN0YWxsIGh0dHBkCgplY2hvICdXZWxjb21lIE9yYWNsZSBDbG91ZCBUZXN0IEFwYWNoZScgPi92YXIvd3d3L2h0bWwvaW5kZXguaHRtbAoKc3lzdGVtY3RsIHN0YXJ0IGh0dHBkCnN5c3RlbWN0bCBlbmFibGUgaHR0cGQKCmRvY2tlciBsb2dpbiAtdSBuYWJhcnVuc2VuIC1wIEtvbGthdGFAMTI4CmRvY2tlciBwdWxsIG5hYmFydW5zZW4vZHJvcHdpemFyZGhlbGxvd29ybGQ6djEuMApkb2NrZXIgcnVuIC1wIDgwODA6ODA4MCBkb2NrZXIuaW8vbmFiYXJ1bnNlbi9kcm9wd2l6YXJkaGVsbG93b3JsZCAmCgoKCgoKCg=="
            },
            "preserve_boot_volume": false,
            "private_ip": "10.0.1.7",
            "public_ip": "",
            "region": "ap-sydney-1",
            "shape": "VM.Standard.E2.1",
            "shape_config": [
              {
                "gpu_description": "",
                "gpus": 0,
                "local_disk_description": "",
                "local_disks": 0,
                "local_disks_total_size_in_gbs": 0,
                "max_vnic_attachments": 2,
                "memory_in_gbs": 8,
                "networking_bandwidth_in_gbps": 0.699999988079071,
                "ocpus": 1,
                "processor_description": "2.0 GHz AMD EPYC™ 7551 (Naples)"
              }
            ],
            "source_details": [
              {
                "boot_volume_size_in_gbs": "47",
                "kms_key_id": "",
                "source_id": "ocid1.image.oc1.ap-sydney-1.aaaaaaaauegdu6hjrepwgsahccdreys7bbcutd3ntqwqobhsigc3yl23oupq",
                "source_type": "image"
              }
            ],
            "state": "RUNNING",
            "subnet_id": "ocid1.subnet.oc1.ap-sydney-1.aaaaaaaaxhivldrxqty7gvgsbkexbk5pdaf2ywrz34jw4eeem4dsnolizs4a",
            "system_tags": {},
            "time_created": "2021-02-05 09:03:07.589 +0000 UTC",
            "time_maintenance_reboot_due": "",
            "timeouts": null
          },
          "sensitive_attributes": [],
          "private": "eyJlMmJmYjczMC1lY2FhLTExZTYtOGY4OC0zNDM2M2JjN2M0YzAiOnsiY3JlYXRlIjoyNzAwMDAwMDAwMDAwLCJkZWxldGUiOjI3MDAwMDAwMDAwMDAsInVwZGF0ZSI6MjcwMDAwMDAwMDAwMH19",
          "dependencies": [
            "data.oci_identity_availability_domains.ads",
            "module.vcn.data.oci_core_services.all_oci_services",
            "module.vcn.oci_core_nat_gateway.nat_gateway",
            "module.vcn.oci_core_route_table.nat",
            "module.vcn.oci_core_service_gateway.service_gateway",
            "module.vcn.oci_core_vcn.vcn",
            "oci_core_security_list.private-security-list",
            "oci_core_subnet.vcn-private-subnet",
            "oci_identity_compartment.tf-compartment"
          ]
        }
      ]
    },
    {
      "mode": "managed",
      "type": "oci_core_instance",
      "name": "bostion_host",
      "provider": "provider[\"registry.terraform.io/hashicorp/oci\"]",
      "instances": [
        {
          "schema_version": 0,
          "attributes": {
            "agent_config": [
              {
                "is_management_disabled": false,
                "is_monitoring_disabled": false
              }
            ],
            "availability_config": [
              {
                "recovery_action": "RESTORE_INSTANCE"
              }
            ],
            "availability_domain": "oONk:AP-SYDNEY-1-AD-1",
            "boot_volume_id": "ocid1.bootvolume.oc1.ap-sydney-1.abzxsljrvj35n4jmrbj74uzg2gsq3paqlj7qlrt2o3ucd4nzjlyydsy74s7a",
            "compartment_id": "ocid1.compartment.oc1..aaaaaaaa3ttzrypqr2ekxy3wsd55vtfy4xmd5yp2ngsk5q4tcjlqkjztowqa",
            "create_vnic_details": [
              {
                "assign_public_ip": "true",
                "defined_tags": {
                  "Oracle-Tags.CreatedBy": "oracleidentitycloudservice/nabarun.sen@gmail.com",
                  "Oracle-Tags.CreatedOn": "2021-02-05T00:57:13.113Z"
                },
                "display_name": "bostion_host",
                "freeform_tags": {},
                "hostname_label": "",
                "nsg_ids": [],
                "private_ip": "10.0.0.2",
                "skip_source_dest_check": false,
                "subnet_id": "ocid1.subnet.oc1.ap-sydney-1.aaaaaaaabjuelv73ddtps24tw2umva6pxpvmrhkd2qwu7oo4otvpvrku6pva",
                "vlan_id": ""
              }
            ],
            "dedicated_vm_host_id": null,
            "defined_tags": {
              "Oracle-Tags.CreatedBy": "oracleidentitycloudservice/nabarun.sen@gmail.com",
              "Oracle-Tags.CreatedOn": "2021-02-05T00:57:13.113Z"
            },
            "display_name": "bostion_host",
            "extended_metadata": {},
            "fault_domain": "FAULT-DOMAIN-3",
            "freeform_tags": {},
            "hostname_label": "",
            "id": "ocid1.instance.oc1.ap-sydney-1.anzxsljrqlzarficb236vqycrgqvgccucx5tci7u4kt332sj5dyxuzadmwda",
            "image": "ocid1.image.oc1.ap-sydney-1.aaaaaaaauegdu6hjrepwgsahccdreys7bbcutd3ntqwqobhsigc3yl23oupq",
            "instance_options": [
              {
                "are_legacy_imds_endpoints_disabled": false
              }
            ],
            "ipxe_script": null,
            "is_pv_encryption_in_transit_enabled": null,
            "launch_mode": "PARAVIRTUALIZED",
            "launch_options": [
              {
                "boot_volume_type": "PARAVIRTUALIZED",
                "firmware": "UEFI_64",
                "is_consistent_volume_naming_enabled": true,
                "is_pv_encryption_in_transit_enabled": false,
                "network_type": "PARAVIRTUALIZED",
                "remote_data_volume_type": "PARAVIRTUALIZED"
              }
            ],
            "metadata": {
              "ssh_authorized_keys": "ssh-rsa AAAAB3NzaC1yc2EAAAADAQABAAABAQDGfrNcRNg9J9rFbPPjhX54k0J325kDVtQcSWsCDsqeJk9ukDyRwCo+F5mNJbxIu7qfR/PdHV2P16qBwV9UdM2S7aMl5sNCvIBsrx5I7sLiVRA2ohSh58XZh42rcngcNRrxC0BQf89CMhRIH7rZwyuSVnAzmEgtMnlNnM/GGFpeze8Q1azIEMyUm09wzTONvmswgIbvslA7MTMSfb4ZDq28ZPbGvoYzwPBsz/UjxkCy6b0GWqf134yC3fKbJTvXJ5MSc3xG19Wl008a1SPGX8XkJeP9mHqt5MS1XcSzdo7A/C1ntrWLNZ0OOOAAzaiD2dCC9Tj/OoQ673apeHNXylEz test-compute-key\n"
            },
            "preserve_boot_volume": false,
            "private_ip": "10.0.0.2",
            "public_ip": "140.238.195.52",
            "region": "ap-sydney-1",
            "shape": "VM.Standard.E2.1",
            "shape_config": [
              {
                "gpu_description": "",
                "gpus": 0,
                "local_disk_description": "",
                "local_disks": 0,
                "local_disks_total_size_in_gbs": 0,
                "max_vnic_attachments": 2,
                "memory_in_gbs": 8,
                "networking_bandwidth_in_gbps": 0.699999988079071,
                "ocpus": 1,
                "processor_description": "2.0 GHz AMD EPYC™ 7551 (Naples)"
              }
            ],
            "source_details": [
              {
                "boot_volume_size_in_gbs": "47",
                "kms_key_id": "",
                "source_id": "ocid1.image.oc1.ap-sydney-1.aaaaaaaauegdu6hjrepwgsahccdreys7bbcutd3ntqwqobhsigc3yl23oupq",
                "source_type": "image"
              }
            ],
            "state": "RUNNING",
            "subnet_id": "ocid1.subnet.oc1.ap-sydney-1.aaaaaaaabjuelv73ddtps24tw2umva6pxpvmrhkd2qwu7oo4otvpvrku6pva",
            "system_tags": {},
            "time_created": "2021-02-05 00:57:13.632 +0000 UTC",
            "time_maintenance_reboot_due": "",
            "timeouts": null
          },
          "sensitive_attributes": [],
          "private": "eyJlMmJmYjczMC1lY2FhLTExZTYtOGY4OC0zNDM2M2JjN2M0YzAiOnsiY3JlYXRlIjoyNzAwMDAwMDAwMDAwLCJkZWxldGUiOjI3MDAwMDAwMDAwMDAsInVwZGF0ZSI6MjcwMDAwMDAwMDAwMH19",
          "dependencies": [
            "data.oci_identity_availability_domains.ads",
            "module.vcn.oci_core_internet_gateway.ig",
            "module.vcn.oci_core_route_table.ig",
            "module.vcn.oci_core_vcn.vcn",
            "oci_core_security_list.public-security-list",
            "oci_core_subnet.vcn-public-subnet",
            "oci_identity_compartment.tf-compartment"
          ]
        }
      ]
    },
    {
      "mode": "managed",
      "type": "oci_core_security_list",
      "name": "AppSecurityList",
      "provider": "provider[\"registry.terraform.io/hashicorp/oci\"]",
      "instances": [
        {
          "schema_version": 0,
          "attributes": {
            "compartment_id": "ocid1.compartment.oc1..aaaaaaaa3ttzrypqr2ekxy3wsd55vtfy4xmd5yp2ngsk5q4tcjlqkjztowqa",
            "defined_tags": {
              "Oracle-Tags.CreatedBy": "oracleidentitycloudservice/nabarun.sen@gmail.com",
              "Oracle-Tags.CreatedOn": "2021-02-05T06:08:08.292Z"
            },
            "display_name": "AppSecurityList",
            "egress_security_rules": [
              {
                "description": "",
                "destination": "0.0.0.0/0",
                "destination_type": "CIDR_BLOCK",
                "icmp_options": [],
                "protocol": "6",
                "stateless": false,
                "tcp_options": [],
                "udp_options": []
              }
            ],
            "freeform_tags": {},
            "id": "ocid1.securitylist.oc1.ap-sydney-1.aaaaaaaa6apl4326vw5jy25dsaofg66wtsxw2e22awqusbhx2qvpyi4jmy7a",
            "ingress_security_rules": [
              {
                "description": "",
                "icmp_options": [],
                "protocol": "6",
                "source": "0.0.0.0/0",
                "source_type": "CIDR_BLOCK",
                "stateless": false,
                "tcp_options": [
                  {
                    "max": 22,
                    "min": 22,
                    "source_port_range": []
                  }
                ],
                "udp_options": []
              },
              {
                "description": "",
                "icmp_options": [],
                "protocol": "6",
                "source": "0.0.0.0/0",
                "source_type": "CIDR_BLOCK",
                "stateless": false,
                "tcp_options": [
                  {
                    "max": 443,
                    "min": 443,
                    "source_port_range": []
                  }
                ],
                "udp_options": []
              },
              {
                "description": "",
                "icmp_options": [],
                "protocol": "6",
                "source": "0.0.0.0/0",
                "source_type": "CIDR_BLOCK",
                "stateless": false,
                "tcp_options": [
                  {
                    "max": 8080,
                    "min": 8080,
                    "source_port_range": []
                  }
                ],
                "udp_options": []
              },
              {
                "description": "",
                "icmp_options": [],
                "protocol": "6",
                "source": "0.0.0.0/0",
                "source_type": "CIDR_BLOCK",
                "stateless": false,
                "tcp_options": [
                  {
                    "max": 80,
                    "min": 80,
                    "source_port_range": []
                  }
                ],
                "udp_options": []
              },
              {
                "description": "",
                "icmp_options": [],
                "protocol": "6",
                "source": "10.0.0.0/16",
                "source_type": "CIDR_BLOCK",
                "stateless": false,
                "tcp_options": [],
                "udp_options": []
              }
            ],
            "state": "AVAILABLE",
            "time_created": "2021-02-05 06:08:08.324 +0000 UTC",
            "timeouts": null,
            "vcn_id": "ocid1.vcn.oc1.ap-sydney-1.amaaaaaaqlzarfiaeswrgbnqo2btnal66ptzzc6rc24btm4uwuxgnnvuufda"
          },
          "sensitive_attributes": [],
          "private": "eyJlMmJmYjczMC1lY2FhLTExZTYtOGY4OC0zNDM2M2JjN2M0YzAiOnsiY3JlYXRlIjoxMjAwMDAwMDAwMDAwLCJkZWxldGUiOjEyMDAwMDAwMDAwMDAsInVwZGF0ZSI6MTIwMDAwMDAwMDAwMH19",
          "dependencies": [
            "module.vcn.oci_core_vcn.vcn",
            "oci_identity_compartment.tf-compartment"
          ]
        }
      ]
    },
    {
      "mode": "managed",
      "type": "oci_core_security_list",
      "name": "private-security-list",
      "provider": "provider[\"registry.terraform.io/hashicorp/oci\"]",
      "instances": [
        {
          "schema_version": 0,
          "attributes": {
            "compartment_id": "ocid1.compartment.oc1..aaaaaaaa3ttzrypqr2ekxy3wsd55vtfy4xmd5yp2ngsk5q4tcjlqkjztowqa",
            "defined_tags": {
              "Oracle-Tags.CreatedBy": "oracleidentitycloudservice/nabarun.sen@gmail.com",
              "Oracle-Tags.CreatedOn": "2021-02-05T00:57:07.276Z"
            },
            "display_name": "security-list-for-private-subnet",
            "egress_security_rules": [
              {
                "description": "",
                "destination": "0.0.0.0/0",
                "destination_type": "CIDR_BLOCK",
                "icmp_options": [],
                "protocol": "all",
                "stateless": false,
                "tcp_options": [],
                "udp_options": []
              }
            ],
            "freeform_tags": {},
            "id": "ocid1.securitylist.oc1.ap-sydney-1.aaaaaaaaxkcaxnenqj4euyntyzztksgap4gbanr5nsofjjnsu3ki73mw2eqa",
            "ingress_security_rules": [
              {
                "description": "",
                "icmp_options": [
                  {
                    "code": -1,
                    "type": 3
                  }
                ],
                "protocol": "1",
                "source": "10.0.0.0/16",
                "source_type": "CIDR_BLOCK",
                "stateless": false,
                "tcp_options": [],
                "udp_options": []
              },
              {
                "description": "",
                "icmp_options": [
                  {
                    "code": 4,
                    "type": 3
                  }
                ],
                "protocol": "1",
                "source": "0.0.0.0/0",
                "source_type": "CIDR_BLOCK",
                "stateless": false,
                "tcp_options": [],
                "udp_options": []
              },
              {
                "description": "",
                "icmp_options": [],
                "protocol": "6",
                "source": "10.0.0.0/16",
                "source_type": "CIDR_BLOCK",
                "stateless": false,
                "tcp_options": [
                  {
                    "max": 22,
                    "min": 22,
                    "source_port_range": []
                  }
                ],
                "udp_options": []
              },
              {
                "description": "",
                "icmp_options": [],
                "protocol": "6",
                "source": "10.0.0.0/16",
                "source_type": "CIDR_BLOCK",
                "stateless": false,
                "tcp_options": [
                  {
                    "max": 8080,
                    "min": 8080,
                    "source_port_range": []
                  }
                ],
                "udp_options": []
              },
              {
                "description": "",
                "icmp_options": [],
                "protocol": "6",
                "source": "10.0.0.0/16",
                "source_type": "CIDR_BLOCK",
                "stateless": false,
                "tcp_options": [
                  {
                    "max": 80,
                    "min": 80,
                    "source_port_range": []
                  }
                ],
                "udp_options": []
              }
            ],
            "state": "AVAILABLE",
            "time_created": "2021-02-05 00:57:07.309 +0000 UTC",
            "timeouts": null,
            "vcn_id": "ocid1.vcn.oc1.ap-sydney-1.amaaaaaaqlzarfiaeswrgbnqo2btnal66ptzzc6rc24btm4uwuxgnnvuufda"
          },
          "sensitive_attributes": [],
          "private": "eyJlMmJmYjczMC1lY2FhLTExZTYtOGY4OC0zNDM2M2JjN2M0YzAiOnsiY3JlYXRlIjoxMjAwMDAwMDAwMDAwLCJkZWxldGUiOjEyMDAwMDAwMDAwMDAsInVwZGF0ZSI6MTIwMDAwMDAwMDAwMH19",
          "dependencies": [
            "module.vcn.oci_core_vcn.vcn",
            "oci_identity_compartment.tf-compartment"
          ]
        }
      ]
    },
    {
      "mode": "managed",
      "type": "oci_core_security_list",
      "name": "public-security-list",
      "provider": "provider[\"registry.terraform.io/hashicorp/oci\"]",
      "instances": [
        {
          "schema_version": 0,
          "attributes": {
            "compartment_id": "ocid1.compartment.oc1..aaaaaaaa3ttzrypqr2ekxy3wsd55vtfy4xmd5yp2ngsk5q4tcjlqkjztowqa",
            "defined_tags": {
              "Oracle-Tags.CreatedBy": "oracleidentitycloudservice/nabarun.sen@gmail.com",
              "Oracle-Tags.CreatedOn": "2021-02-05T00:57:07.278Z"
            },
            "display_name": "security-list-for-public-subnet",
            "egress_security_rules": [
              {
                "description": "",
                "destination": "0.0.0.0/0",
                "destination_type": "CIDR_BLOCK",
                "icmp_options": [],
                "protocol": "all",
                "stateless": false,
                "tcp_options": [],
                "udp_options": []
              }
            ],
            "freeform_tags": {},
            "id": "ocid1.securitylist.oc1.ap-sydney-1.aaaaaaaabkmllsfaslvyqjxffdlfpmeu77orr3i6e4w4tnw2rhgsppkmw7mq",
            "ingress_security_rules": [
              {
                "description": "",
                "icmp_options": [
                  {
                    "code": -1,
                    "type": 3
                  }
                ],
                "protocol": "1",
                "source": "10.0.0.0/16",
                "source_type": "CIDR_BLOCK",
                "stateless": false,
                "tcp_options": [],
                "udp_options": []
              },
              {
                "description": "",
                "icmp_options": [
                  {
                    "code": 4,
                    "type": 3
                  }
                ],
                "protocol": "1",
                "source": "0.0.0.0/0",
                "source_type": "CIDR_BLOCK",
                "stateless": false,
                "tcp_options": [],
                "udp_options": []
              },
              {
                "description": "",
                "icmp_options": [],
                "protocol": "6",
                "source": "0.0.0.0/0",
                "source_type": "CIDR_BLOCK",
                "stateless": false,
                "tcp_options": [
                  {
                    "max": 22,
                    "min": 22,
                    "source_port_range": []
                  }
                ],
                "udp_options": []
              },
              {
                "description": "",
                "icmp_options": [],
                "protocol": "6",
                "source": "0.0.0.0/0",
                "source_type": "CIDR_BLOCK",
                "stateless": false,
                "tcp_options": [
                  {
                    "max": 80,
                    "min": 80,
                    "source_port_range": []
                  }
                ],
                "udp_options": []
              }
            ],
            "state": "AVAILABLE",
            "time_created": "2021-02-05 00:57:07.307 +0000 UTC",
            "timeouts": null,
            "vcn_id": "ocid1.vcn.oc1.ap-sydney-1.amaaaaaaqlzarfiaeswrgbnqo2btnal66ptzzc6rc24btm4uwuxgnnvuufda"
          },
          "sensitive_attributes": [],
          "private": "eyJlMmJmYjczMC1lY2FhLTExZTYtOGY4OC0zNDM2M2JjN2M0YzAiOnsiY3JlYXRlIjoxMjAwMDAwMDAwMDAwLCJkZWxldGUiOjEyMDAwMDAwMDAwMDAsInVwZGF0ZSI6MTIwMDAwMDAwMDAwMH19",
          "dependencies": [
            "module.vcn.oci_core_vcn.vcn",
            "oci_identity_compartment.tf-compartment"
          ]
        }
      ]
    },
    {
      "mode": "managed",
      "type": "oci_core_subnet",
      "name": "vcn-private-subnet",
      "provider": "provider[\"registry.terraform.io/hashicorp/oci\"]",
      "instances": [
        {
          "schema_version": 0,
          "attributes": {
            "availability_domain": null,
            "cidr_block": "10.0.1.0/24",
            "compartment_id": "ocid1.compartment.oc1..aaaaaaaa3ttzrypqr2ekxy3wsd55vtfy4xmd5yp2ngsk5q4tcjlqkjztowqa",
            "defined_tags": {
              "Oracle-Tags.CreatedBy": "oracleidentitycloudservice/nabarun.sen@gmail.com",
              "Oracle-Tags.CreatedOn": "2021-02-05T00:57:10.129Z"
            },
            "dhcp_options_id": "ocid1.dhcpoptions.oc1.ap-sydney-1.aaaaaaaaumcj66rkfbagm6s4x75xambjdkr3qftsslcmbp252lwh2h2zvcwq",
            "display_name": "private-subnet",
            "dns_label": null,
            "freeform_tags": {},
            "id": "ocid1.subnet.oc1.ap-sydney-1.aaaaaaaaxhivldrxqty7gvgsbkexbk5pdaf2ywrz34jw4eeem4dsnolizs4a",
            "ipv6cidr_block": null,
            "ipv6public_cidr_block": null,
            "ipv6virtual_router_ip": null,
            "prohibit_public_ip_on_vnic": false,
            "route_table_id": "ocid1.routetable.oc1.ap-sydney-1.aaaaaaaalhbkzydmxlfqll2v6klhiyhj36k7rfbw3fvddiiyg34z6tqxokia",
            "security_list_ids": [
              "ocid1.securitylist.oc1.ap-sydney-1.aaaaaaaaxkcaxnenqj4euyntyzztksgap4gbanr5nsofjjnsu3ki73mw2eqa"
            ],
            "state": "AVAILABLE",
            "subnet_domain_name": null,
            "time_created": "2021-02-05 00:57:10.176 +0000 UTC",
            "timeouts": null,
            "vcn_id": "ocid1.vcn.oc1.ap-sydney-1.amaaaaaaqlzarfiaeswrgbnqo2btnal66ptzzc6rc24btm4uwuxgnnvuufda",
            "virtual_router_ip": "10.0.1.1",
            "virtual_router_mac": "00:00:17:72:03:9C"
          },
          "sensitive_attributes": [],
          "private": "eyJlMmJmYjczMC1lY2FhLTExZTYtOGY4OC0zNDM2M2JjN2M0YzAiOnsiY3JlYXRlIjoxMjAwMDAwMDAwMDAwLCJkZWxldGUiOjEyMDAwMDAwMDAwMDAsInVwZGF0ZSI6MTIwMDAwMDAwMDAwMH19",
          "dependencies": [
            "module.vcn.data.oci_core_services.all_oci_services",
            "module.vcn.oci_core_nat_gateway.nat_gateway",
            "module.vcn.oci_core_route_table.nat",
            "module.vcn.oci_core_service_gateway.service_gateway",
            "module.vcn.oci_core_vcn.vcn",
            "oci_core_security_list.private-security-list",
            "oci_identity_compartment.tf-compartment"
          ]
        }
      ]
    },
    {
      "mode": "managed",
      "type": "oci_core_subnet",
      "name": "vcn-public-subnet",
      "provider": "provider[\"registry.terraform.io/hashicorp/oci\"]",
      "instances": [
        {
          "schema_version": 0,
          "attributes": {
            "availability_domain": null,
            "cidr_block": "10.0.0.0/24",
            "compartment_id": "ocid1.compartment.oc1..aaaaaaaa3ttzrypqr2ekxy3wsd55vtfy4xmd5yp2ngsk5q4tcjlqkjztowqa",
            "defined_tags": {
              "Oracle-Tags.CreatedBy": "oracleidentitycloudservice/nabarun.sen@gmail.com",
              "Oracle-Tags.CreatedOn": "2021-02-05T00:57:08.453Z"
            },
            "dhcp_options_id": "ocid1.dhcpoptions.oc1.ap-sydney-1.aaaaaaaaumcj66rkfbagm6s4x75xambjdkr3qftsslcmbp252lwh2h2zvcwq",
            "display_name": "public-subnet",
            "dns_label": null,
            "freeform_tags": {},
            "id": "ocid1.subnet.oc1.ap-sydney-1.aaaaaaaabjuelv73ddtps24tw2umva6pxpvmrhkd2qwu7oo4otvpvrku6pva",
            "ipv6cidr_block": null,
            "ipv6public_cidr_block": null,
            "ipv6virtual_router_ip": null,
            "prohibit_public_ip_on_vnic": false,
            "route_table_id": "ocid1.routetable.oc1.ap-sydney-1.aaaaaaaaczzs2mwlrj4ffstxwuu3j4eogfhmmgxr2g3zn33dmknewc3fybgq",
            "security_list_ids": [
              "ocid1.securitylist.oc1.ap-sydney-1.aaaaaaaabkmllsfaslvyqjxffdlfpmeu77orr3i6e4w4tnw2rhgsppkmw7mq"
            ],
            "state": "AVAILABLE",
            "subnet_domain_name": null,
            "time_created": "2021-02-05 00:57:08.497 +0000 UTC",
            "timeouts": null,
            "vcn_id": "ocid1.vcn.oc1.ap-sydney-1.amaaaaaaqlzarfiaeswrgbnqo2btnal66ptzzc6rc24btm4uwuxgnnvuufda",
            "virtual_router_ip": "10.0.0.1",
            "virtual_router_mac": "00:00:17:72:03:9C"
          },
          "sensitive_attributes": [],
          "private": "eyJlMmJmYjczMC1lY2FhLTExZTYtOGY4OC0zNDM2M2JjN2M0YzAiOnsiY3JlYXRlIjoxMjAwMDAwMDAwMDAwLCJkZWxldGUiOjEyMDAwMDAwMDAwMDAsInVwZGF0ZSI6MTIwMDAwMDAwMDAwMH19",
          "dependencies": [
            "module.vcn.oci_core_internet_gateway.ig",
            "module.vcn.oci_core_route_table.ig",
            "module.vcn.oci_core_vcn.vcn",
            "oci_core_security_list.public-security-list",
            "oci_identity_compartment.tf-compartment"
          ]
        }
      ]
    },
    {
      "mode": "managed",
      "type": "oci_identity_compartment",
      "name": "tf-compartment",
      "provider": "provider[\"registry.terraform.io/hashicorp/oci\"]",
      "instances": [
        {
          "schema_version": 0,
          "attributes": {
            "compartment_id": "ocid1.tenancy.oc1..aaaaaaaaf5jculpus7fwf3t7spt7xb2v5amo3xf6ps5qyaduykdxgt6vl5za",
            "defined_tags": {
              "Oracle-Tags.CreatedBy": "oracleidentitycloudservice/nabarun.sen@gmail.com",
              "Oracle-Tags.CreatedOn": "2021-02-04T12:23:49.564Z"
            },
            "description": "Compartment for Terraform resources.",
            "enable_delete": null,
            "freeform_tags": {},
            "id": "ocid1.compartment.oc1..aaaaaaaa3ttzrypqr2ekxy3wsd55vtfy4xmd5yp2ngsk5q4tcjlqkjztowqa",
            "inactive_state": null,
            "is_accessible": true,
            "name": "application-compartment",
            "state": "ACTIVE",
            "time_created": "2021-02-04 12:23:49.843 +0000 UTC",
            "timeouts": null
          },
          "sensitive_attributes": [],
          "private": "eyJlMmJmYjczMC1lY2FhLTExZTYtOGY4OC0zNDM2M2JjN2M0YzAiOnsiZGVsZXRlIjo1NDAwMDAwMDAwMDAwfX0="
        }
      ]
    },
    {
      "mode": "managed",
      "type": "oci_load_balancer",
      "name": "AppLoadBalancer",
      "provider": "provider[\"registry.terraform.io/hashicorp/oci\"]",
      "instances": [
        {
          "schema_version": 0,
          "attributes": {
            "compartment_id": "ocid1.compartment.oc1..aaaaaaaa3ttzrypqr2ekxy3wsd55vtfy4xmd5yp2ngsk5q4tcjlqkjztowqa",
            "defined_tags": {
              "Oracle-Tags.CreatedBy": "oracleidentitycloudservice/nabarun.sen@gmail.com",
              "Oracle-Tags.CreatedOn": "2021-02-05T06:08:08.257Z"
            },
            "display_name": "AppLoadBalancer",
            "freeform_tags": {},
            "id": "ocid1.loadbalancer.oc1.ap-sydney-1.aaaaaaaarkrlylwjwm5lsfwrw3kwdm5kdw4u7qx55igiyfk2wzzt77yya3pq",
            "ip_address_details": [
              {
                "ip_address": "152.67.106.195",
                "is_public": true,
                "reserved_ip": []
              }
            ],
            "ip_addresses": [
              "152.67.106.195"
            ],
            "ip_mode": "IPV4",
            "is_private": false,
            "network_security_group_ids": [],
            "reserved_ips": [],
            "shape": "100Mbps",
            "shape_details": [],
            "state": "ACTIVE",
            "subnet_ids": [
              "ocid1.subnet.oc1.ap-sydney-1.aaaaaaaabjuelv73ddtps24tw2umva6pxpvmrhkd2qwu7oo4otvpvrku6pva"
            ],
            "system_tags": {},
            "time_created": "2021-02-05 06:08:08.646 +0000 UTC",
            "timeouts": null
          },
          "sensitive_attributes": [],
          "private": "eyJlMmJmYjczMC1lY2FhLTExZTYtOGY4OC0zNDM2M2JjN2M0YzAiOnsiY3JlYXRlIjoxMjAwMDAwMDAwMDAwLCJkZWxldGUiOjEyMDAwMDAwMDAwMDAsInVwZGF0ZSI6MTIwMDAwMDAwMDAwMH19",
          "dependencies": [
            "module.vcn.oci_core_internet_gateway.ig",
            "module.vcn.oci_core_route_table.ig",
            "module.vcn.oci_core_vcn.vcn",
            "oci_core_security_list.public-security-list",
            "oci_core_subnet.vcn-public-subnet",
            "oci_identity_compartment.tf-compartment"
          ]
        }
      ]
    },
    {
      "mode": "managed",
      "type": "oci_load_balancer_backend",
      "name": "AppLoadBalancerBackend",
      "provider": "provider[\"registry.terraform.io/hashicorp/oci\"]",
      "instances": [
        {
          "schema_version": 0,
          "attributes": {
            "backendset_name": "AppLBBackendset",
            "backup": false,
            "drain": false,
            "id": "loadBalancers/ocid1.loadbalancer.oc1.ap-sydney-1.aaaaaaaarkrlylwjwm5lsfwrw3kwdm5kdw4u7qx55igiyfk2wzzt77yya3pq/backendSets/AppLBBackendset/backends/10.0.1.7:8080",
            "ip_address": "10.0.1.7",
            "load_balancer_id": "ocid1.loadbalancer.oc1.ap-sydney-1.aaaaaaaarkrlylwjwm5lsfwrw3kwdm5kdw4u7qx55igiyfk2wzzt77yya3pq",
            "name": "10.0.1.7:8080",
            "offline": false,
            "port": 8080,
            "state": "SUCCEEDED",
            "timeouts": null,
            "weight": 1
          },
          "sensitive_attributes": [],
          "private": "eyJlMmJmYjczMC1lY2FhLTExZTYtOGY4OC0zNDM2M2JjN2M0YzAiOnsiY3JlYXRlIjoxMjAwMDAwMDAwMDAwLCJkZWxldGUiOjEyMDAwMDAwMDAwMDAsInVwZGF0ZSI6MTIwMDAwMDAwMDAwMH19",
          "dependencies": [
            "data.oci_identity_availability_domains.ads",
            "module.vcn.data.oci_core_services.all_oci_services",
            "module.vcn.oci_core_internet_gateway.ig",
            "module.vcn.oci_core_nat_gateway.nat_gateway",
            "module.vcn.oci_core_route_table.ig",
            "module.vcn.oci_core_route_table.nat",
            "module.vcn.oci_core_service_gateway.service_gateway",
            "module.vcn.oci_core_vcn.vcn",
            "oci_core_instance.application_host",
            "oci_core_security_list.private-security-list",
            "oci_core_security_list.public-security-list",
            "oci_core_subnet.vcn-private-subnet",
            "oci_core_subnet.vcn-public-subnet",
            "oci_identity_compartment.tf-compartment",
            "oci_load_balancer.AppLoadBalancer",
            "oci_load_balancer_backendset.AppLoadBalancerBackendset"
          ]
        }
      ]
    },
    {
      "mode": "managed",
      "type": "oci_load_balancer_backendset",
      "name": "AppLoadBalancerBackendset",
      "provider": "provider[\"registry.terraform.io/hashicorp/oci\"]",
      "instances": [
        {
          "schema_version": 0,
          "attributes": {
            "backend": [
              {
                "backup": false,
                "drain": false,
                "ip_address": "10.0.1.7",
                "name": "10.0.1.7:8080",
                "offline": false,
                "port": 8080,
                "weight": 1
              }
            ],
            "health_checker": [
              {
                "interval_ms": 30000,
                "port": 8080,
                "protocol": "HTTP",
                "response_body_regex": ".*",
                "retries": 3,
                "return_code": 200,
                "timeout_in_millis": 3000,
                "url_path": "/"
              }
            ],
            "id": "loadBalancers/ocid1.loadbalancer.oc1.ap-sydney-1.aaaaaaaarkrlylwjwm5lsfwrw3kwdm5kdw4u7qx55igiyfk2wzzt77yya3pq/backendSets/AppLBBackendset",
            "lb_cookie_session_persistence_configuration": [],
            "load_balancer_id": "ocid1.loadbalancer.oc1.ap-sydney-1.aaaaaaaarkrlylwjwm5lsfwrw3kwdm5kdw4u7qx55igiyfk2wzzt77yya3pq",
            "name": "AppLBBackendset",
            "policy": "ROUND_ROBIN",
            "session_persistence_configuration": [],
            "ssl_configuration": [],
            "state": "SUCCEEDED",
            "timeouts": null
          },
          "sensitive_attributes": [],
          "private": "eyJlMmJmYjczMC1lY2FhLTExZTYtOGY4OC0zNDM2M2JjN2M0YzAiOnsiY3JlYXRlIjoxMjAwMDAwMDAwMDAwLCJkZWxldGUiOjEyMDAwMDAwMDAwMDAsInVwZGF0ZSI6MTIwMDAwMDAwMDAwMH19",
          "dependencies": [
            "oci_load_balancer.AppLoadBalancer"
          ]
        }
      ]
    },
    {
      "mode": "managed",
      "type": "oci_load_balancer_listener",
      "name": "AppLoadBalancerListener",
      "provider": "provider[\"registry.terraform.io/hashicorp/oci\"]",
      "instances": [
        {
          "schema_version": 0,
          "attributes": {
            "connection_configuration": [
              {
                "backend_tcp_proxy_protocol_version": 0,
                "idle_timeout_in_seconds": "60"
              }
            ],
            "default_backend_set_name": "AppLBBackendset",
            "hostname_names": [],
            "id": "loadBalancers/ocid1.loadbalancer.oc1.ap-sydney-1.aaaaaaaarkrlylwjwm5lsfwrw3kwdm5kdw4u7qx55igiyfk2wzzt77yya3pq/listeners/AppLoadBalancerListener",
            "load_balancer_id": "ocid1.loadbalancer.oc1.ap-sydney-1.aaaaaaaarkrlylwjwm5lsfwrw3kwdm5kdw4u7qx55igiyfk2wzzt77yya3pq",
            "name": "AppLoadBalancerListener",
            "path_route_set_name": null,
            "port": 80,
            "protocol": "HTTP",
            "rule_set_names": [],
            "ssl_configuration": [],
            "state": "SUCCEEDED",
            "timeouts": null
          },
          "sensitive_attributes": [],
          "private": "eyJlMmJmYjczMC1lY2FhLTExZTYtOGY4OC0zNDM2M2JjN2M0YzAiOnsiY3JlYXRlIjoxMjAwMDAwMDAwMDAwLCJkZWxldGUiOjEyMDAwMDAwMDAwMDAsInVwZGF0ZSI6MTIwMDAwMDAwMDAwMH19",
          "dependencies": [
            "module.vcn.oci_core_internet_gateway.ig",
            "module.vcn.oci_core_route_table.ig",
            "module.vcn.oci_core_vcn.vcn",
            "oci_core_security_list.public-security-list",
            "oci_core_subnet.vcn-public-subnet",
            "oci_identity_compartment.tf-compartment",
            "oci_load_balancer.AppLoadBalancer",
            "oci_load_balancer_backendset.AppLoadBalancerBackendset"
          ]
        }
      ]
    },
    {
      "module": "module.vcn",
      "mode": "data",
      "type": "oci_core_services",
      "name": "all_oci_services",
      "provider": "provider[\"registry.terraform.io/hashicorp/oci\"]",
      "instances": [
        {
          "index_key": 0,
          "schema_version": 0,
          "attributes": {
            "filter": [
              {
                "name": "name",
                "regex": true,
                "values": [
                  "All .* Services In Oracle Services Network"
                ]
              }
            ],
            "id": "CoreServicesDataSource-0",
            "services": [
              {
                "cidr_block": "all-syd-services-in-oracle-services-network",
                "description": "All SYD Services In Oracle Services Network",
                "id": "ocid1.service.oc1.ap-sydney-1.aaaaaaaaar6xfo4rtfjgv2mmjvo7u77zyr4uyqkc764f2t2jxwwayrjhsjyq",
                "name": "All SYD Services In Oracle Services Network"
              }
            ]
          },
          "sensitive_attributes": []
        }
      ]
    },
    {
      "module": "module.vcn",
      "mode": "managed",
      "type": "oci_core_internet_gateway",
      "name": "ig",
      "provider": "provider[\"registry.terraform.io/hashicorp/oci\"]",
      "instances": [
        {
          "index_key": 0,
          "schema_version": 0,
          "attributes": {
            "compartment_id": "ocid1.compartment.oc1..aaaaaaaa3ttzrypqr2ekxy3wsd55vtfy4xmd5yp2ngsk5q4tcjlqkjztowqa",
            "defined_tags": {
              "Oracle-Tags.CreatedBy": "oracleidentitycloudservice/nabarun.sen@gmail.com",
              "Oracle-Tags.CreatedOn": "2021-02-05T00:57:07.254Z"
            },
            "display_name": "internet-gateway",
            "enabled": true,
            "freeform_tags": {
              "environment": "dev"
            },
            "id": "ocid1.internetgateway.oc1.ap-sydney-1.aaaaaaaap5wxanmghrio5qjmqy5nd44ekv5v3cvoiadi553etdmg7bficqxa",
            "state": "AVAILABLE",
            "time_created": "2021-02-05 00:57:07.346 +0000 UTC",
            "timeouts": null,
            "vcn_id": "ocid1.vcn.oc1.ap-sydney-1.amaaaaaaqlzarfiaeswrgbnqo2btnal66ptzzc6rc24btm4uwuxgnnvuufda"
          },
          "sensitive_attributes": [],
          "private": "eyJlMmJmYjczMC1lY2FhLTExZTYtOGY4OC0zNDM2M2JjN2M0YzAiOnsiY3JlYXRlIjoxMjAwMDAwMDAwMDAwLCJkZWxldGUiOjEyMDAwMDAwMDAwMDAsInVwZGF0ZSI6MTIwMDAwMDAwMDAwMH19",
          "dependencies": [
            "module.vcn.oci_core_vcn.vcn",
            "oci_identity_compartment.tf-compartment"
          ]
        }
      ]
    },
    {
      "module": "module.vcn",
      "mode": "managed",
      "type": "oci_core_nat_gateway",
      "name": "nat_gateway",
      "provider": "provider[\"registry.terraform.io/hashicorp/oci\"]",
      "instances": [
        {
          "index_key": 0,
          "schema_version": 0,
          "attributes": {
            "block_traffic": false,
            "compartment_id": "ocid1.compartment.oc1..aaaaaaaa3ttzrypqr2ekxy3wsd55vtfy4xmd5yp2ngsk5q4tcjlqkjztowqa",
            "defined_tags": {
              "Oracle-Tags.CreatedBy": "oracleidentitycloudservice/nabarun.sen@gmail.com",
              "Oracle-Tags.CreatedOn": "2021-02-05T00:57:06.900Z"
            },
            "display_name": "nat-gateway",
            "freeform_tags": {
              "environment": "dev"
            },
            "id": "ocid1.natgateway.oc1.ap-sydney-1.aaaaaaaayjdcewu7mamb74ueoouftuzucxztitf5w6c5a3ledvxqoyamnkqa",
            "nat_ip": "152.67.106.85",
            "public_ip_id": "ocid1.publicip.oc1.ap-sydney-1.aaaaaaaa5gbz2s2psofx2d23m24yyw3js2o4agl6djxpugfa4i3w2iiuqfua",
            "state": "AVAILABLE",
            "time_created": "2021-02-05 00:57:07.243 +0000 UTC",
            "timeouts": null,
            "vcn_id": "ocid1.vcn.oc1.ap-sydney-1.amaaaaaaqlzarfiaeswrgbnqo2btnal66ptzzc6rc24btm4uwuxgnnvuufda"
          },
          "sensitive_attributes": [],
          "private": "eyJlMmJmYjczMC1lY2FhLTExZTYtOGY4OC0zNDM2M2JjN2M0YzAiOnsiY3JlYXRlIjoxMjAwMDAwMDAwMDAwLCJkZWxldGUiOjEyMDAwMDAwMDAwMDAsInVwZGF0ZSI6MTIwMDAwMDAwMDAwMH19",
          "dependencies": [
            "module.vcn.oci_core_vcn.vcn",
            "oci_identity_compartment.tf-compartment"
          ]
        }
      ]
    },
    {
      "module": "module.vcn",
      "mode": "managed",
      "type": "oci_core_route_table",
      "name": "ig",
      "provider": "provider[\"registry.terraform.io/hashicorp/oci\"]",
      "instances": [
        {
          "index_key": 0,
          "schema_version": 0,
          "attributes": {
            "compartment_id": "ocid1.compartment.oc1..aaaaaaaa3ttzrypqr2ekxy3wsd55vtfy4xmd5yp2ngsk5q4tcjlqkjztowqa",
            "defined_tags": {
              "Oracle-Tags.CreatedBy": "oracleidentitycloudservice/nabarun.sen@gmail.com",
              "Oracle-Tags.CreatedOn": "2021-02-05T00:57:07.842Z"
            },
            "display_name": "internet-route",
            "freeform_tags": {
              "environment": "dev"
            },
            "id": "ocid1.routetable.oc1.ap-sydney-1.aaaaaaaaczzs2mwlrj4ffstxwuu3j4eogfhmmgxr2g3zn33dmknewc3fybgq",
            "route_rules": [
              {
                "cidr_block": "",
                "description": "",
                "destination": "0.0.0.0/0",
                "destination_type": "CIDR_BLOCK",
                "network_entity_id": "ocid1.internetgateway.oc1.ap-sydney-1.aaaaaaaap5wxanmghrio5qjmqy5nd44ekv5v3cvoiadi553etdmg7bficqxa"
              }
            ],
            "state": "AVAILABLE",
            "time_created": "2021-02-05 00:57:07.862 +0000 UTC",
            "timeouts": null,
            "vcn_id": "ocid1.vcn.oc1.ap-sydney-1.amaaaaaaqlzarfiaeswrgbnqo2btnal66ptzzc6rc24btm4uwuxgnnvuufda"
          },
          "sensitive_attributes": [],
          "private": "eyJlMmJmYjczMC1lY2FhLTExZTYtOGY4OC0zNDM2M2JjN2M0YzAiOnsiY3JlYXRlIjoxMjAwMDAwMDAwMDAwLCJkZWxldGUiOjEyMDAwMDAwMDAwMDAsInVwZGF0ZSI6MTIwMDAwMDAwMDAwMH19",
          "dependencies": [
            "module.vcn.oci_core_internet_gateway.ig",
            "module.vcn.oci_core_vcn.vcn",
            "oci_identity_compartment.tf-compartment"
          ]
        }
      ]
    },
    {
      "module": "module.vcn",
      "mode": "managed",
      "type": "oci_core_route_table",
      "name": "nat",
      "provider": "provider[\"registry.terraform.io/hashicorp/oci\"]",
      "instances": [
        {
          "index_key": 0,
          "schema_version": 0,
          "attributes": {
            "compartment_id": "ocid1.compartment.oc1..aaaaaaaa3ttzrypqr2ekxy3wsd55vtfy4xmd5yp2ngsk5q4tcjlqkjztowqa",
            "defined_tags": {
              "Oracle-Tags.CreatedBy": "oracleidentitycloudservice/nabarun.sen@gmail.com",
              "Oracle-Tags.CreatedOn": "2021-02-05T00:57:09.495Z"
            },
            "display_name": "nat-route",
            "freeform_tags": {
              "environment": "dev"
            },
            "id": "ocid1.routetable.oc1.ap-sydney-1.aaaaaaaalhbkzydmxlfqll2v6klhiyhj36k7rfbw3fvddiiyg34z6tqxokia",
            "route_rules": [
              {
                "cidr_block": "",
                "description": "",
                "destination": "0.0.0.0/0",
                "destination_type": "CIDR_BLOCK",
                "network_entity_id": "ocid1.natgateway.oc1.ap-sydney-1.aaaaaaaayjdcewu7mamb74ueoouftuzucxztitf5w6c5a3ledvxqoyamnkqa"
              },
              {
                "cidr_block": "",
                "description": "",
                "destination": "all-syd-services-in-oracle-services-network",
                "destination_type": "SERVICE_CIDR_BLOCK",
                "network_entity_id": "ocid1.servicegateway.oc1.ap-sydney-1.aaaaaaaasvpjmeesiixph2spmaqexh66e4oy4q55qz2ysmlfhmdg2j5qg7sq"
              }
            ],
            "state": "AVAILABLE",
            "time_created": "2021-02-05 00:57:09.529 +0000 UTC",
            "timeouts": null,
            "vcn_id": "ocid1.vcn.oc1.ap-sydney-1.amaaaaaaqlzarfiaeswrgbnqo2btnal66ptzzc6rc24btm4uwuxgnnvuufda"
          },
          "sensitive_attributes": [],
          "private": "eyJlMmJmYjczMC1lY2FhLTExZTYtOGY4OC0zNDM2M2JjN2M0YzAiOnsiY3JlYXRlIjoxMjAwMDAwMDAwMDAwLCJkZWxldGUiOjEyMDAwMDAwMDAwMDAsInVwZGF0ZSI6MTIwMDAwMDAwMDAwMH19",
          "dependencies": [
            "module.vcn.data.oci_core_services.all_oci_services",
            "module.vcn.oci_core_nat_gateway.nat_gateway",
            "module.vcn.oci_core_service_gateway.service_gateway",
            "module.vcn.oci_core_vcn.vcn",
            "oci_identity_compartment.tf-compartment"
          ]
        }
      ]
    },
    {
      "module": "module.vcn",
      "mode": "managed",
      "type": "oci_core_service_gateway",
      "name": "service_gateway",
      "provider": "provider[\"registry.terraform.io/hashicorp/oci\"]",
      "instances": [
        {
          "index_key": 0,
          "schema_version": 0,
          "attributes": {
            "block_traffic": false,
            "compartment_id": "ocid1.compartment.oc1..aaaaaaaa3ttzrypqr2ekxy3wsd55vtfy4xmd5yp2ngsk5q4tcjlqkjztowqa",
            "defined_tags": {
              "Oracle-Tags.CreatedBy": "oracleidentitycloudservice/nabarun.sen@gmail.com",
              "Oracle-Tags.CreatedOn": "2021-02-05T00:57:07.273Z"
            },
            "display_name": "service-gateway",
            "freeform_tags": {
              "environment": "dev"
            },
            "id": "ocid1.servicegateway.oc1.ap-sydney-1.aaaaaaaasvpjmeesiixph2spmaqexh66e4oy4q55qz2ysmlfhmdg2j5qg7sq",
            "route_table_id": null,
            "services": [
              {
                "service_id": "ocid1.service.oc1.ap-sydney-1.aaaaaaaaar6xfo4rtfjgv2mmjvo7u77zyr4uyqkc764f2t2jxwwayrjhsjyq",
                "service_name": "All SYD Services In Oracle Services Network"
              }
            ],
            "state": "AVAILABLE",
            "time_created": "2021-02-05 00:57:08.429 +0000 UTC",
            "timeouts": null,
            "vcn_id": "ocid1.vcn.oc1.ap-sydney-1.amaaaaaaqlzarfiaeswrgbnqo2btnal66ptzzc6rc24btm4uwuxgnnvuufda"
          },
          "sensitive_attributes": [],
          "private": "eyJlMmJmYjczMC1lY2FhLTExZTYtOGY4OC0zNDM2M2JjN2M0YzAiOnsiY3JlYXRlIjoxMjAwMDAwMDAwMDAwLCJkZWxldGUiOjEyMDAwMDAwMDAwMDAsInVwZGF0ZSI6MTIwMDAwMDAwMDAwMH19",
          "dependencies": [
            "module.vcn.data.oci_core_services.all_oci_services",
            "module.vcn.oci_core_vcn.vcn",
            "oci_identity_compartment.tf-compartment"
          ]
        }
      ]
    },
    {
      "module": "module.vcn",
      "mode": "managed",
      "type": "oci_core_vcn",
      "name": "vcn",
      "provider": "provider[\"registry.terraform.io/hashicorp/oci\"]",
      "instances": [
        {
          "schema_version": 0,
          "attributes": {
            "cidr_block": "10.0.0.0/16",
            "cidr_blocks": [
              "10.0.0.0/16"
            ],
            "compartment_id": "ocid1.compartment.oc1..aaaaaaaa3ttzrypqr2ekxy3wsd55vtfy4xmd5yp2ngsk5q4tcjlqkjztowqa",
            "default_dhcp_options_id": "ocid1.dhcpoptions.oc1.ap-sydney-1.aaaaaaaaumcj66rkfbagm6s4x75xambjdkr3qftsslcmbp252lwh2h2zvcwq",
            "default_route_table_id": "ocid1.routetable.oc1.ap-sydney-1.aaaaaaaahcd7ffqud66inzomuf5dpd75sgyww5wxu6pljk5tffnrjvvovxka",
            "default_security_list_id": "ocid1.securitylist.oc1.ap-sydney-1.aaaaaaaalrwq7tvemmpe2iilrqdco7vxxrv6egdxk62xwem5vcbyt4nfmecq",
            "defined_tags": {
              "Oracle-Tags.CreatedBy": "oracleidentitycloudservice/nabarun.sen@gmail.com",
              "Oracle-Tags.CreatedOn": "2021-02-05T00:57:06.253Z"
            },
            "display_name": "test-vcn",
            "dns_label": "testvcn",
            "freeform_tags": {
              "environment": "dev"
            },
            "id": "ocid1.vcn.oc1.ap-sydney-1.amaaaaaaqlzarfiaeswrgbnqo2btnal66ptzzc6rc24btm4uwuxgnnvuufda",
            "ipv6cidr_block": null,
            "ipv6public_cidr_block": null,
            "is_ipv6enabled": null,
            "state": "AVAILABLE",
            "time_created": "2021-02-05 00:57:06.26 +0000 UTC",
            "timeouts": null,
            "vcn_domain_name": "testvcn.oraclevcn.com"
          },
          "sensitive_attributes": [],
          "private": "eyJlMmJmYjczMC1lY2FhLTExZTYtOGY4OC0zNDM2M2JjN2M0YzAiOnsiY3JlYXRlIjoxMjAwMDAwMDAwMDAwLCJkZWxldGUiOjEyMDAwMDAwMDAwMDAsInVwZGF0ZSI6MTIwMDAwMDAwMDAwMH19",
          "dependencies": [
            "oci_identity_compartment.tf-compartment"
          ]
        }
      ]
    }
  ]
}
